
Microsoft Visual Studio Solution File, Format Version 12.00
# Visual Studio 14
VisualStudioVersion = 14.0.25420.1
MinimumVisualStudioVersion = 10.0.40219.1
Project("{2150E333-8FDC-42A3-9474-1A3956D46DE8}") = "Core", "Core", "{91A8EB90-BF4A-4061-A989-DCEB3A0ECD5B}"
EndProject
Project("{2150E333-8FDC-42A3-9474-1A3956D46DE8}") = "Domain", "Domain", "{C3E575C4-2347-40A9-B6F0-BC24681300A3}"
EndProject
Project("{2150E333-8FDC-42A3-9474-1A3956D46DE8}") = "Services", "Services", "{DB2FBD08-ABAA-4425-BF92-1321E8C5EF51}"
EndProject
Project("{2150E333-8FDC-42A3-9474-1A3956D46DE8}") = "Web", "Web", "{DFBCEC87-6CEC-4801-80B6-406A2BB63101}"
EndProject
Project("{FAE04EC0-301F-11D3-BF4B-00C04F79EFBC}") = "Sniper.Core", "Sniper.Core\Sniper.Core.csproj", "{B2BDF56F-55DE-4631-B86E-0B5E58718D57}"
EndProject
Project("{FAE04EC0-301F-11D3-BF4B-00C04F79EFBC}") = "Sniper.Data", "Sniper.Data\Sniper.Data.csproj", "{B5E37E05-750F-4058-B471-829B832DE37F}"
EndProject
Project("{FAE04EC0-301F-11D3-BF4B-00C04F79EFBC}") = "Sniper.Entities", "Sniper.Entities\Sniper.Entities.csproj", "{4566DFB7-D2B4-4772-9894-1D00C38F9A94}"
EndProject
Project("{FAE04EC0-301F-11D3-BF4B-00C04F79EFBC}") = "Sniper.Mapping", "Sniper.Mapping\Sniper.Mapping.csproj", "{39CCED88-F938-4BAD-9F9F-AB5BEB88BFE6}"
EndProject
Project("{FAE04EC0-301F-11D3-BF4B-00C04F79EFBC}") = "Sniper.Services", "Sniper.Services\Sniper.Services.csproj", "{575C6E6D-2E4A-4EE0-BC50-6F4A6DC4876B}"
EndProject
Project("{FAE04EC0-301F-11D3-BF4B-00C04F79EFBC}") = "Sniper.Admin", "Sniper.Admin\Sniper.Admin.csproj", "{97E59D8D-796C-404D-8CFC-32DD5A803536}"
EndProject
Project("{FAE04EC0-301F-11D3-BF4B-00C04F79EFBC}") = "Sniper.Admin.Framework", "Sniper.Admin.Framework\Sniper.Admin.Framework.csproj", "{A5C729CA-8946-4A85-8D84-D96A46CD7F30}"
EndProject
Global
	GlobalSection(SolutionConfigurationPlatforms) = preSolution
		Debug|Any CPU = Debug|Any CPU
		Release|Any CPU = Release|Any CPU
	EndGlobalSection
	GlobalSection(ProjectConfigurationPlatforms) = postSolution
		{B2BDF56F-55DE-4631-B86E-0B5E58718D57}.Debug|Any CPU.ActiveCfg = Debug|Any CPU
		{B2BDF56F-55DE-4631-B86E-0B5E58718D57}.Debug|Any CPU.Build.0 = Debug|Any CPU
		{B2BDF56F-55DE-4631-B86E-0B5E58718D57}.Release|Any CPU.ActiveCfg = Release|Any CPU
		{B2BDF56F-55DE-4631-B86E-0B5E58718D57}.Release|Any CPU.Build.0 = Release|Any CPU
		{B5E37E05-750F-4058-B471-829B832DE37F}.Debug|Any CPU.ActiveCfg = Debug|Any CPU
		{B5E37E05-750F-4058-B471-829B832DE37F}.Debug|Any CPU.Build.0 = Debug|Any CPU
		{B5E37E05-750F-4058-B471-829B832DE37F}.Release|Any CPU.ActiveCfg = Release|Any CPU
		{B5E37E05-750F-4058-B471-829B832DE37F}.Release|Any CPU.Build.0 = Release|Any CPU
		{4566DFB7-D2B4-4772-9894-1D00C38F9A94}.Debug|Any CPU.ActiveCfg = Debug|Any CPU
		{4566DFB7-D2B4-4772-9894-1D00C38F9A94}.Debug|Any CPU.Build.0 = Debug|Any CPU
		{4566DFB7-D2B4-4772-9894-1D00C38F9A94}.Release|Any CPU.ActiveCfg = Release|Any CPU
		{4566DFB7-D2B4-4772-9894-1D00C38F9A94}.Release|Any CPU.Build.0 = Release|Any CPU
		{39CCED88-F938-4BAD-9F9F-AB5BEB88BFE6}.Debug|Any CPU.ActiveCfg = Debug|Any CPU
		{39CCED88-F938-4BAD-9F9F-AB5BEB88BFE6}.Debug|Any CPU.Build.0 = Debug|Any CPU
		{39CCED88-F938-4BAD-9F9F-AB5BEB88BFE6}.Release|Any CPU.ActiveCfg = Release|Any CPU
		{39CCED88-F938-4BAD-9F9F-AB5BEB88BFE6}.Release|Any CPU.Build.0 = Release|Any CPU
		{575C6E6D-2E4A-4EE0-BC50-6F4A6DC4876B}.Debug|Any CPU.ActiveCfg = Debug|Any CPU
		{575C6E6D-2E4A-4EE0-BC50-6F4A6DC4876B}.Debug|Any CPU.Build.0 = Debug|Any CPU
		{575C6E6D-2E4A-4EE0-BC50-6F4A6DC4876B}.Release|Any CPU.ActiveCfg = Release|Any CPU
		{575C6E6D-2E4A-4EE0-BC50-6F4A6DC4876B}.Release|Any CPU.Build.0 = Release|Any CPU
		{97E59D8D-796C-404D-8CFC-32DD5A803536}.Debug|Any CPU.ActiveCfg = Debug|Any CPU
		{97E59D8D-796C-404D-8CFC-32DD5A803536}.Debug|Any CPU.Build.0 = Debug|Any CPU
		{97E59D8D-796C-404D-8CFC-32DD5A803536}.Release|Any CPU.ActiveCfg = Release|Any CPU
		{97E59D8D-796C-404D-8CFC-32DD5A803536}.Release|Any CPU.Build.0 = Release|Any CPU
		{A5C729CA-8946-4A85-8D84-D96A46CD7F30}.Debug|Any CPU.ActiveCfg = Debug|Any CPU
		{A5C729CA-8946-4A85-8D84-D96A46CD7F30}.Debug|Any CPU.Build.0 = Debug|Any CPU
		{A5C729CA-8946-4A85-8D84-D96A46CD7F30}.Release|Any CPU.ActiveCfg = Release|Any CPU
		{A5C729CA-8946-4A85-8D84-D96A46CD7F30}.Release|Any CPU.Build.0 = Release|Any CPU
	EndGlobalSection
	GlobalSection(SolutionProperties) = preSolution
		HideSolutionNode = FALSE
	EndGlobalSection
	GlobalSection(NestedProjects) = preSolution
		{B2BDF56F-55DE-4631-B86E-0B5E58718D57} = {91A8EB90-BF4A-4061-A989-DCEB3A0ECD5B}
		{B5E37E05-750F-4058-B471-829B832DE37F} = {91A8EB90-BF4A-4061-A989-DCEB3A0ECD5B}
		{4566DFB7-D2B4-4772-9894-1D00C38F9A94} = {C3E575C4-2347-40A9-B6F0-BC24681300A3}
		{39CCED88-F938-4BAD-9F9F-AB5BEB88BFE6} = {C3E575C4-2347-40A9-B6F0-BC24681300A3}
		{575C6E6D-2E4A-4EE0-BC50-6F4A6DC4876B} = {DB2FBD08-ABAA-4425-BF92-1321E8C5EF51}
		{97E59D8D-796C-404D-8CFC-32DD5A803536} = {DFBCEC87-6CEC-4801-80B6-406A2BB63101}
		{A5C729CA-8946-4A85-8D84-D96A46CD7F30} = {DFBCEC87-6CEC-4801-80B6-406A2BB63101}
	EndGlobalSection
EndGlobal
